
Microsoft Visual Studio Solution File, Format Version 10.00
# Visual C++ Express 2008
Project("{8BC9CEB8-8B4A-11D0-8D11-00A0C91BC942}") = "image-editor", "image-editor.vcproj", "{DF19571C-1964-4847-89DE-81E87287270B}"
EndProject
Global
	GlobalSection(SolutionConfigurationPlatforms) = preSolution
		Debug|Win32 = Debug|Win32
		Release|Win32 = Release|Win32
	EndGlobalSection
	GlobalSection(ProjectConfigurationPlatforms) = postSolution
		{DF19571C-1964-4847-89DE-81E87287270B}.Debug|Win32.ActiveCfg = Debug|Win32
		{DF19571C-1964-4847-89DE-81E87287270B}.Debug|Win32.Build.0 = Debug|Win32
		{DF19571C-1964-4847-89DE-81E87287270B}.Release|Win32.ActiveCfg = Release|Win32
		{DF19571C-1964-4847-89DE-81E87287270B}.Release|Win32.Build.0 = Release|Win32
	EndGlobalSection
	GlobalSection(SolutionProperties) = preSolution
		HideSolutionNode = FALSE
	EndGlobalSection
EndGlobal
